
Microsoft Visual Studio Solution File, Format Version 12.00
# Visual Studio Version 17
VisualStudioVersion = 17.5.33424.131
MinimumVisualStudioVersion = 10.0.40219.1
Project("{9A19103F-16F7-4668-BE54-9A1E7A4F7556}") = "bind-control-data-to-list", "bind-control-data-to-list.csproj", "{74846EA3-51BD-48F1-84B7-9B013F011031}"
EndProject
Global
	GlobalSection(SolutionConfigurationPlatforms) = preSolution
		Debug|Any CPU = Debug|Any CPU
		Release|Any CPU = Release|Any CPU
	EndGlobalSection
	GlobalSection(ProjectConfigurationPlatforms) = postSolution
		{74846EA3-51BD-48F1-84B7-9B013F011031}.Debug|Any CPU.ActiveCfg = Debug|Any CPU
		{74846EA3-51BD-48F1-84B7-9B013F011031}.Debug|Any CPU.Build.0 = Debug|Any CPU
		{74846EA3-51BD-48F1-84B7-9B013F011031}.Release|Any CPU.ActiveCfg = Release|Any CPU
		{74846EA3-51BD-48F1-84B7-9B013F011031}.Release|Any CPU.Build.0 = Release|Any CPU
	EndGlobalSection
	GlobalSection(SolutionProperties) = preSolution
		HideSolutionNode = FALSE
	EndGlobalSection
	GlobalSection(ExtensibilityGlobals) = postSolution
		SolutionGuid = {EA3FAA5A-C1DC-46A0-9654-91DF1831052E}
	EndGlobalSection
EndGlobal
