
Microsoft Visual Studio Solution File, Format Version 12.00
# Visual Studio Version 17
VisualStudioVersion = 17.5.33424.131
MinimumVisualStudioVersion = 10.0.40219.1
Project("{2150E333-8FDC-42A3-9474-1A3956D46DE8}") = "configs", "configs", "{7D2EC056-86BA-4ED5-AE5E-88E3F0091514}"
	ProjectSection(SolutionItems) = preProject
		.editorconfig = .editorconfig
		..\.gitattributes = ..\.gitattributes
		..\.gitignore = ..\.gitignore
	EndProjectSection
EndProject
Project("{2150E333-8FDC-42A3-9474-1A3956D46DE8}") = "docs", "docs", "{1043BFF3-B516-45B5-BB09-BB6A00FF7BFB}"
	ProjectSection(SolutionItems) = preProject
		..\docs\.gitpreserve = ..\docs\.gitpreserve
		..\readme.md = ..\readme.md
		TextFile1.txt = TextFile1.txt
	EndProjectSection
EndProject
Project("{9A19103F-16F7-4668-BE54-9A1E7A4F7556}") = "IntroToWinforms", "dotnet 7\winforms\examples\IntroToWinforms\IntroToWinforms.csproj", "{91EBC679-0B69-4DD7-B703-96B6BC57FDF5}"
EndProject
Project("{2150E333-8FDC-42A3-9474-1A3956D46DE8}") = "dotnet 7", "dotnet 7", "{E9AE7712-15FA-4FD0-BAFD-CEE700E8A8ED}"
EndProject
Project("{2150E333-8FDC-42A3-9474-1A3956D46DE8}") = "winforms", "winforms", "{CAE4CA45-2C94-4559-818B-A4F259846F0A}"
EndProject
Project("{2150E333-8FDC-42A3-9474-1A3956D46DE8}") = "examples", "examples", "{9FA5B0B1-74C2-4FB5-A20C-1385405BE077}"
EndProject
Project("{2150E333-8FDC-42A3-9474-1A3956D46DE8}") = "Intro To Winforms", "Intro To Winforms", "{EE6980AB-3BE1-43D5-A822-D6C57F6E698D}"
EndProject
Global
	GlobalSection(SolutionConfigurationPlatforms) = preSolution
		Debug|Any CPU = Debug|Any CPU
		Release|Any CPU = Release|Any CPU
	EndGlobalSection
	GlobalSection(ProjectConfigurationPlatforms) = postSolution
		{91EBC679-0B69-4DD7-B703-96B6BC57FDF5}.Debug|Any CPU.ActiveCfg = Debug|Any CPU
		{91EBC679-0B69-4DD7-B703-96B6BC57FDF5}.Debug|Any CPU.Build.0 = Debug|Any CPU
		{91EBC679-0B69-4DD7-B703-96B6BC57FDF5}.Release|Any CPU.ActiveCfg = Release|Any CPU
		{91EBC679-0B69-4DD7-B703-96B6BC57FDF5}.Release|Any CPU.Build.0 = Release|Any CPU
	EndGlobalSection
	GlobalSection(SolutionProperties) = preSolution
		HideSolutionNode = FALSE
	EndGlobalSection
	GlobalSection(NestedProjects) = preSolution
		{91EBC679-0B69-4DD7-B703-96B6BC57FDF5} = {EE6980AB-3BE1-43D5-A822-D6C57F6E698D}
		{CAE4CA45-2C94-4559-818B-A4F259846F0A} = {E9AE7712-15FA-4FD0-BAFD-CEE700E8A8ED}
		{9FA5B0B1-74C2-4FB5-A20C-1385405BE077} = {CAE4CA45-2C94-4559-818B-A4F259846F0A}
		{EE6980AB-3BE1-43D5-A822-D6C57F6E698D} = {9FA5B0B1-74C2-4FB5-A20C-1385405BE077}
	EndGlobalSection
	GlobalSection(ExtensibilityGlobals) = postSolution
		SolutionGuid = {32CF4492-6736-4C05-8C01-2B272733A3C9}
	EndGlobalSection
EndGlobal
